// !$*UTF8*$!
{
	archiveVersion = 1;
	classes = {
	};
	objectVersion = 46;
	objects = {

/* Begin PBXBuildFile section */
		073AFC51BC51C57A4FC0DBE3 /* Pods_Daze.framework in Frameworks */ = {isa = PBXBuildFile; fileRef = ECC06F2F4219F8FEB8F8C056 /* Pods_Daze.framework */; };
		C44D140B1D734B270011C939 /* AppDelegate.swift in Sources */ = {isa = PBXBuildFile; fileRef = C44D140A1D734B270011C939 /* AppDelegate.swift */; };
		C44D140D1D734B270011C939 /* WeatherVC.swift in Sources */ = {isa = PBXBuildFile; fileRef = C44D140C1D734B270011C939 /* WeatherVC.swift */; };
		C44D14101D734B270011C939 /* Main.storyboard in Resources */ = {isa = PBXBuildFile; fileRef = C44D140E1D734B270011C939 /* Main.storyboard */; };
		C44D14131D734B270011C939 /* Daze.xcdatamodeld in Sources */ = {isa = PBXBuildFile; fileRef = C44D14111D734B270011C939 /* Daze.xcdatamodeld */; };
		C44D14181D734B270011C939 /* LaunchScreen.storyboard in Resources */ = {isa = PBXBuildFile; fileRef = C44D14161D734B270011C939 /* LaunchScreen.storyboard */; };
		C44D14211D73AACC0011C939 /* NexaBold.otf in Resources */ = {isa = PBXBuildFile; fileRef = C44D141F1D73AACC0011C939 /* NexaBold.otf */; };
		C44D14221D73AACC0011C939 /* NexaLight.otf in Resources */ = {isa = PBXBuildFile; fileRef = C44D14201D73AACC0011C939 /* NexaLight.otf */; };
		C44D14251D73ABFD0011C939 /* TextDropShawdow.swift in Sources */ = {isa = PBXBuildFile; fileRef = C44D14241D73ABFD0011C939 /* TextDropShawdow.swift */; };
		C467E19B1D755560005D73F0 /* WeatherCell.swift in Sources */ = {isa = PBXBuildFile; fileRef = C467E19A1D755560005D73F0 /* WeatherCell.swift */; };
		C467E19D1D756C76005D73F0 /* Location.swift in Sources */ = {isa = PBXBuildFile; fileRef = C467E19C1D756C76005D73F0 /* Location.swift */; };
		C467E1A01D758B14005D73F0 /* MMDropShadow.swift in Sources */ = {isa = PBXBuildFile; fileRef = C467E19F1D758B14005D73F0 /* MMDropShadow.swift */; };
		C489F3621D74A014006BBD1C /* Forecast.swift in Sources */ = {isa = PBXBuildFile; fileRef = C489F3611D74A014006BBD1C /* Forecast.swift */; };
		C4CDC7E31D7A412200EE10F0 /* MMCell.swift in Sources */ = {isa = PBXBuildFile; fileRef = C4CDC7E21D7A412200EE10F0 /* MMCell.swift */; };
		C4CDC7E51D7A46EF00EE10F0 /* MMView.swift in Sources */ = {isa = PBXBuildFile; fileRef = C4CDC7E41D7A46EF00EE10F0 /* MMView.swift */; };
		C4CDC7E71D7BDA0D00EE10F0 /* Assets.xcassets in Resources */ = {isa = PBXBuildFile; fileRef = C4CDC7E61D7BDA0D00EE10F0 /* Assets.xcassets */; };
		C4D962C51D73D9FE00E09E03 /* Constants.swift in Sources */ = {isa = PBXBuildFile; fileRef = C4D962C41D73D9FE00E09E03 /* Constants.swift */; };
		C4D962C81D73E61400E09E03 /* CurrentWeather.swift in Sources */ = {isa = PBXBuildFile; fileRef = C4D962C71D73E61400E09E03 /* CurrentWeather.swift */; };
/* End PBXBuildFile section */

/* Begin PBXFileReference section */
		49E8A22A7BC226E2AEB68BC7 /* Pods-Daze.release.xcconfig */ = {isa = PBXFileReference; includeInIndex = 1; lastKnownFileType = text.xcconfig; name = "Pods-Daze.release.xcconfig"; path = "Pods/Target Support Files/Pods-Daze/Pods-Daze.release.xcconfig"; sourceTree = "<group>"; };
		75D0C9439C9B35A030FC5105 /* Pods-Daze.debug.xcconfig */ = {isa = PBXFileReference; includeInIndex = 1; lastKnownFileType = text.xcconfig; name = "Pods-Daze.debug.xcconfig"; path = "Pods/Target Support Files/Pods-Daze/Pods-Daze.debug.xcconfig"; sourceTree = "<group>"; };
		C44D14071D734B270011C939 /* Daze.app */ = {isa = PBXFileReference; explicitFileType = wrapper.application; includeInIndex = 0; path = Daze.app; sourceTree = BUILT_PRODUCTS_DIR; };
		C44D140A1D734B270011C939 /* AppDelegate.swift */ = {isa = PBXFileReference; lastKnownFileType = sourcecode.swift; path = AppDelegate.swift; sourceTree = "<group>"; };
		C44D140C1D734B270011C939 /* WeatherVC.swift */ = {isa = PBXFileReference; lastKnownFileType = sourcecode.swift; path = WeatherVC.swift; sourceTree = "<group>"; };
		C44D140F1D734B270011C939 /* Base */ = {isa = PBXFileReference; lastKnownFileType = file.storyboard; name = Base; path = Base.lproj/Main.storyboard; sourceTree = "<group>"; };
		C44D14121D734B270011C939 /* Daze.xcdatamodel */ = {isa = PBXFileReference; lastKnownFileType = wrapper.xcdatamodel; path = Daze.xcdatamodel; sourceTree = "<group>"; };
		C44D14171D734B270011C939 /* Base */ = {isa = PBXFileReference; lastKnownFileType = file.storyboard; name = Base; path = Base.lproj/LaunchScreen.storyboard; sourceTree = "<group>"; };
		C44D14191D734B270011C939 /* Info.plist */ = {isa = PBXFileReference; lastKnownFileType = text.plist.xml; path = Info.plist; sourceTree = "<group>"; };
		C44D141F1D73AACC0011C939 /* NexaBold.otf */ = {isa = PBXFileReference; lastKnownFileType = file; name = NexaBold.otf; path = ../NexaBold.otf; sourceTree = "<group>"; };
		C44D14201D73AACC0011C939 /* NexaLight.otf */ = {isa = PBXFileReference; lastKnownFileType = file; name = NexaLight.otf; path = ../NexaLight.otf; sourceTree = "<group>"; };
		C44D14241D73ABFD0011C939 /* TextDropShawdow.swift */ = {isa = PBXFileReference; fileEncoding = 4; lastKnownFileType = sourcecode.swift; path = TextDropShawdow.swift; sourceTree = "<group>"; };
		C467E19A1D755560005D73F0 /* WeatherCell.swift */ = {isa = PBXFileReference; fileEncoding = 4; lastKnownFileType = sourcecode.swift; path = WeatherCell.swift; sourceTree = "<group>"; };
		C467E19C1D756C76005D73F0 /* Location.swift */ = {isa = PBXFileReference; fileEncoding = 4; lastKnownFileType = sourcecode.swift; path = Location.swift; sourceTree = "<group>"; };
		C467E19F1D758B14005D73F0 /* MMDropShadow.swift */ = {isa = PBXFileReference; fileEncoding = 4; lastKnownFileType = sourcecode.swift; path = MMDropShadow.swift; sourceTree = "<group>"; };
		C489F3611D74A014006BBD1C /* Forecast.swift */ = {isa = PBXFileReference; fileEncoding = 4; lastKnownFileType = sourcecode.swift; path = Forecast.swift; sourceTree = "<group>"; };
		C4CDC7E21D7A412200EE10F0 /* MMCell.swift */ = {isa = PBXFileReference; fileEncoding = 4; lastKnownFileType = sourcecode.swift; path = MMCell.swift; sourceTree = "<group>"; };
		C4CDC7E41D7A46EF00EE10F0 /* MMView.swift */ = {isa = PBXFileReference; fileEncoding = 4; lastKnownFileType = sourcecode.swift; path = MMView.swift; sourceTree = "<group>"; };
		C4CDC7E61D7BDA0D00EE10F0 /* Assets.xcassets */ = {isa = PBXFileReference; lastKnownFileType = folder.assetcatalog; path = Assets.xcassets; sourceTree = "<group>"; };
		C4D962C41D73D9FE00E09E03 /* Constants.swift */ = {isa = PBXFileReference; fileEncoding = 4; lastKnownFileType = sourcecode.swift; path = Constants.swift; sourceTree = "<group>"; };
		C4D962C71D73E61400E09E03 /* CurrentWeather.swift */ = {isa = PBXFileReference; fileEncoding = 4; lastKnownFileType = sourcecode.swift; path = CurrentWeather.swift; sourceTree = "<group>"; };
		ECC06F2F4219F8FEB8F8C056 /* Pods_Daze.framework */ = {isa = PBXFileReference; explicitFileType = wrapper.framework; includeInIndex = 0; path = Pods_Daze.framework; sourceTree = BUILT_PRODUCTS_DIR; };
/* End PBXFileReference section */

/* Begin PBXFrameworksBuildPhase section */
		C44D14041D734B270011C939 /* Frameworks */ = {
			isa = PBXFrameworksBuildPhase;
			buildActionMask = 2147483647;
			files = (
				073AFC51BC51C57A4FC0DBE3 /* Pods_Daze.framework in Frameworks */,
			);
			runOnlyForDeploymentPostprocessing = 0;
		};
/* End PBXFrameworksBuildPhase section */

/* Begin PBXGroup section */
		5855ABEFADEC51A7F9D5E82B /* Pods */ = {
			isa = PBXGroup;
			children = (
				75D0C9439C9B35A030FC5105 /* Pods-Daze.debug.xcconfig */,
				49E8A22A7BC226E2AEB68BC7 /* Pods-Daze.release.xcconfig */,
			);
			name = Pods;
			sourceTree = "<group>";
		};
		A7673DE8073B3390996E4BB9 /* Frameworks */ = {
			isa = PBXGroup;
			children = (
				ECC06F2F4219F8FEB8F8C056 /* Pods_Daze.framework */,
			);
			name = Frameworks;
			sourceTree = "<group>";
		};
		C43418601D734EBF008FE963 /* Resources */ = {
			isa = PBXGroup;
			children = (
				C44D141F1D73AACC0011C939 /* NexaBold.otf */,
				C44D14201D73AACC0011C939 /* NexaLight.otf */,
			);
			name = Resources;
			sourceTree = "<group>";
		};
		C44D13FE1D734B270011C939 = {
			isa = PBXGroup;
			children = (
				C44D14091D734B270011C939 /* Daze */,
				C44D14081D734B270011C939 /* Products */,
				5855ABEFADEC51A7F9D5E82B /* Pods */,
				A7673DE8073B3390996E4BB9 /* Frameworks */,
			);
			sourceTree = "<group>";
		};
		C44D14081D734B270011C939 /* Products */ = {
			isa = PBXGroup;
			children = (
				C44D14071D734B270011C939 /* Daze.app */,
			);
			name = Products;
			sourceTree = "<group>";
		};
		C44D14091D734B270011C939 /* Daze */ = {
			isa = PBXGroup;
			children = (
				C44D140A1D734B270011C939 /* AppDelegate.swift */,
				C4D962C61D73E5F900E09E03 /* Model */,
				C44D14231D73ABBF0011C939 /* View */,
				C4FE3D651D85C98B00F9AFE6 /* Controller */,
				C43418601D734EBF008FE963 /* Resources */,
				C4D962C31D73D9EE00E09E03 /* Util */,
				C4CDC7E61D7BDA0D00EE10F0 /* Assets.xcassets */,
				C44D140E1D734B270011C939 /* Main.storyboard */,
				C44D14161D734B270011C939 /* LaunchScreen.storyboard */,
				C44D14191D734B270011C939 /* Info.plist */,
				C44D14111D734B270011C939 /* Daze.xcdatamodeld */,
			);
			path = Daze;
			sourceTree = "<group>";
		};
		C44D14231D73ABBF0011C939 /* View */ = {
			isa = PBXGroup;
			children = (
				C44D14241D73ABFD0011C939 /* TextDropShawdow.swift */,
				C467E19F1D758B14005D73F0 /* MMDropShadow.swift */,
				C4CDC7E21D7A412200EE10F0 /* MMCell.swift */,
				C4CDC7E41D7A46EF00EE10F0 /* MMView.swift */,
			);
			name = View;
			sourceTree = "<group>";
		};
		C4D962C31D73D9EE00E09E03 /* Util */ = {
			isa = PBXGroup;
			children = (
				C4D962C41D73D9FE00E09E03 /* Constants.swift */,
				C467E19C1D756C76005D73F0 /* Location.swift */,
			);
			name = Util;
			sourceTree = "<group>";
		};
		C4D962C61D73E5F900E09E03 /* Model */ = {
			isa = PBXGroup;
			children = (
				C4D962C71D73E61400E09E03 /* CurrentWeather.swift */,
				C489F3611D74A014006BBD1C /* Forecast.swift */,
			);
			name = Model;
			sourceTree = "<group>";
		};
		C4FE3D651D85C98B00F9AFE6 /* Controller */ = {
			isa = PBXGroup;
			children = (
				C44D140C1D734B270011C939 /* WeatherVC.swift */,
				C467E19A1D755560005D73F0 /* WeatherCell.swift */,
			);
			name = Controller;
			sourceTree = "<group>";
		};
/* End PBXGroup section */

/* Begin PBXNativeTarget section */
		C44D14061D734B270011C939 /* Daze */ = {
			isa = PBXNativeTarget;
			buildConfigurationList = C44D141C1D734B270011C939 /* Build configuration list for PBXNativeTarget "Daze" */;
			buildPhases = (
				4C0E9AB25EE6291AC223A719 /* [CP] Check Pods Manifest.lock */,
				C44D14031D734B270011C939 /* Sources */,
				C44D14041D734B270011C939 /* Frameworks */,
				C44D14051D734B270011C939 /* Resources */,
				8FD5631A097CAA688FE54AEC /* [CP] Embed Pods Frameworks */,
				966093F72B907D434D6D50C2 /* [CP] Copy Pods Resources */,
			);
			buildRules = (
			);
			dependencies = (
			);
			name = Daze;
			productName = Daze;
			productReference = C44D14071D734B270011C939 /* Daze.app */;
			productType = "com.apple.product-type.application";
		};
/* End PBXNativeTarget section */

/* Begin PBXProject section */
		C44D13FF1D734B270011C939 /* Project object */ = {
			isa = PBXProject;
			attributes = {
				LastSwiftUpdateCheck = 0800;
				LastUpgradeCheck = 0800;
				ORGANIZATIONNAME = Cory;
				TargetAttributes = {
					C44D14061D734B270011C939 = {
						CreatedOnToolsVersion = 8.0;
						DevelopmentTeam = 595GQGY9Q9;
						DevelopmentTeamName = "Cory Billeaud";
						LastSwiftMigration = 0800;
						ProvisioningStyle = Automatic;
					};
				};
			};
			buildConfigurationList = C44D14021D734B270011C939 /* Build configuration list for PBXProject "Daze" */;
			compatibilityVersion = "Xcode 3.2";
			developmentRegion = English;
			hasScannedForEncodings = 0;
			knownRegions = (
				en,
				Base,
			);
			mainGroup = C44D13FE1D734B270011C939;
			productRefGroup = C44D14081D734B270011C939 /* Products */;
			projectDirPath = "";
			projectRoot = "";
			targets = (
				C44D14061D734B270011C939 /* Daze */,
			);
		};
/* End PBXProject section */

/* Begin PBXResourcesBuildPhase section */
		C44D14051D734B270011C939 /* Resources */ = {
			isa = PBXResourcesBuildPhase;
			buildActionMask = 2147483647;
			files = (
				C44D14211D73AACC0011C939 /* NexaBold.otf in Resources */,
				C44D14181D734B270011C939 /* LaunchScreen.storyboard in Resources */,
				C44D14221D73AACC0011C939 /* NexaLight.otf in Resources */,
				C44D14101D734B270011C939 /* Main.storyboard in Resources */,
				C4CDC7E71D7BDA0D00EE10F0 /* Assets.xcassets in Resources */,
			);
			runOnlyForDeploymentPostprocessing = 0;
		};
/* End PBXResourcesBuildPhase section */

/* Begin PBXShellScriptBuildPhase section */
		4C0E9AB25EE6291AC223A719 /* [CP] Check Pods Manifest.lock */ = {
			isa = PBXShellScriptBuildPhase;
			buildActionMask = 2147483647;
			files = (
			);
			inputPaths = (
			);
			name = "[CP] Check Pods Manifest.lock";
			outputPaths = (
			);
			runOnlyForDeploymentPostprocessing = 0;
			shellPath = /bin/sh;
			shellScript = "diff \"${PODS_ROOT}/../Podfile.lock\" \"${PODS_ROOT}/Manifest.lock\" > /dev/null\nif [ $? != 0 ] ; then\n    # print error to STDERR\n    echo \"error: The sandbox is not in sync with the Podfile.lock. Run 'pod install' or update your CocoaPods installation.\" >&2\n    exit 1\nfi\n";
			showEnvVarsInLog = 0;
		};
		8FD5631A097CAA688FE54AEC /* [CP] Embed Pods Frameworks */ = {
			isa = PBXShellScriptBuildPhase;
			buildActionMask = 2147483647;
			files = (
			);
			inputPaths = (
			);
			name = "[CP] Embed Pods Frameworks";
			outputPaths = (
			);
			runOnlyForDeploymentPostprocessing = 0;
			shellPath = /bin/sh;
			shellScript = "\"${SRCROOT}/Pods/Target Support Files/Pods-Daze/Pods-Daze-frameworks.sh\"\n";
			showEnvVarsInLog = 0;
		};
		966093F72B907D434D6D50C2 /* [CP] Copy Pods Resources */ = {
			isa = PBXShellScriptBuildPhase;
			buildActionMask = 2147483647;
			files = (
			);
			inputPaths = (
			);
			name = "[CP] Copy Pods Resources";
			outputPaths = (
			);
			runOnlyForDeploymentPostprocessing = 0;
			shellPath = /bin/sh;
			shellScript = "\"${SRCROOT}/Pods/Target Support Files/Pods-Daze/Pods-Daze-resources.sh\"\n";
			showEnvVarsInLog = 0;
		};
/* End PBXShellScriptBuildPhase section */

/* Begin PBXSourcesBuildPhase section */
		C44D14031D734B270011C939 /* Sources */ = {
			isa = PBXSourcesBuildPhase;
			buildActionMask = 2147483647;
			files = (
				C4CDC7E51D7A46EF00EE10F0 /* MMView.swift in Sources */,
				C467E1A01D758B14005D73F0 /* MMDropShadow.swift in Sources */,
				C4D962C51D73D9FE00E09E03 /* Constants.swift in Sources */,
				C44D140D1D734B270011C939 /* WeatherVC.swift in Sources */,
				C489F3621D74A014006BBD1C /* Forecast.swift in Sources */,
				C44D140B1D734B270011C939 /* AppDelegate.swift in Sources */,
				C467E19D1D756C76005D73F0 /* Location.swift in Sources */,
				C467E19B1D755560005D73F0 /* WeatherCell.swift in Sources */,
				C44D14131D734B270011C939 /* Daze.xcdatamodeld in Sources */,
				C4CDC7E31D7A412200EE10F0 /* MMCell.swift in Sources */,
				C4D962C81D73E61400E09E03 /* CurrentWeather.swift in Sources */,
				C44D14251D73ABFD0011C939 /* TextDropShawdow.swift in Sources */,
			);
			runOnlyForDeploymentPostprocessing = 0;
		};
/* End PBXSourcesBuildPhase section */

/* Begin PBXVariantGroup section */
		C44D140E1D734B270011C939 /* Main.storyboard */ = {
			isa = PBXVariantGroup;
			children = (
				C44D140F1D734B270011C939 /* Base */,
			);
			name = Main.storyboard;
			sourceTree = "<group>";
		};
		C44D14161D734B270011C939 /* LaunchScreen.storyboard */ = {
			isa = PBXVariantGroup;
			children = (
				C44D14171D734B270011C939 /* Base */,
			);
			name = LaunchScreen.storyboard;
			sourceTree = "<group>";
		};
/* End PBXVariantGroup section */

/* Begin XCBuildConfiguration section */
		C44D141A1D734B270011C939 /* Debug */ = {
			isa = XCBuildConfiguration;
			buildSettings = {
				ALWAYS_SEARCH_USER_PATHS = NO;
				CLANG_ANALYZER_NONNULL = YES;
				CLANG_CXX_LANGUAGE_STANDARD = "gnu++0x";
				CLANG_CXX_LIBRARY = "libc++";
				CLANG_ENABLE_MODULES = YES;
				CLANG_ENABLE_OBJC_ARC = YES;
				CLANG_WARN_BOOL_CONVERSION = YES;
				CLANG_WARN_CONSTANT_CONVERSION = YES;
				CLANG_WARN_DIRECT_OBJC_ISA_USAGE = YES_ERROR;
				CLANG_WARN_DOCUMENTATION_COMMENTS = YES;
				CLANG_WARN_EMPTY_BODY = YES;
				CLANG_WARN_ENUM_CONVERSION = YES;
				CLANG_WARN_INFINITE_RECURSION = YES;
				CLANG_WARN_INT_CONVERSION = YES;
				CLANG_WARN_OBJC_ROOT_CLASS = YES_ERROR;
				CLANG_WARN_SUSPICIOUS_MOVE = YES;
				CLANG_WARN_UNREACHABLE_CODE = YES;
				CLANG_WARN__DUPLICATE_METHOD_MATCH = YES;
				CODE_SIGN_IDENTITY = "iPhone Developer";
				"CODE_SIGN_IDENTITY[sdk=iphoneos*]" = "iPhone Developer";
				COPY_PHASE_STRIP = NO;
				DEBUG_INFORMATION_FORMAT = dwarf;
				ENABLE_STRICT_OBJC_MSGSEND = YES;
				ENABLE_TESTABILITY = YES;
				GCC_C_LANGUAGE_STANDARD = gnu99;
				GCC_DYNAMIC_NO_PIC = NO;
				GCC_NO_COMMON_BLOCKS = YES;
				GCC_OPTIMIZATION_LEVEL = 0;
				GCC_PREPROCESSOR_DEFINITIONS = (
					"DEBUG=1",
					"$(inherited)",
				);
				GCC_WARN_64_TO_32_BIT_CONVERSION = YES;
				GCC_WARN_ABOUT_RETURN_TYPE = YES_ERROR;
				GCC_WARN_UNDECLARED_SELECTOR = YES;
				GCC_WARN_UNINITIALIZED_AUTOS = YES_AGGRESSIVE;
				GCC_WARN_UNUSED_FUNCTION = YES;
				GCC_WARN_UNUSED_VARIABLE = YES;
				IPHONEOS_DEPLOYMENT_TARGET = 10.0;
				MTL_ENABLE_DEBUG_INFO = YES;
				ONLY_ACTIVE_ARCH = YES;
				SDKROOT = iphoneos;
				SWIFT_ACTIVE_COMPILATION_CONDITIONS = DEBUG;
				SWIFT_OPTIMIZATION_LEVEL = "-Onone";
				TARGETED_DEVICE_FAMILY = "1,2";
			};
			name = Debug;
		};
		C44D141B1D734B270011C939 /* Release */ = {
			isa = XCBuildConfiguration;
			buildSettings = {
				ALWAYS_SEARCH_USER_PATHS = NO;
				CLANG_ANALYZER_NONNULL = YES;
				CLANG_CXX_LANGUAGE_STANDARD = "gnu++0x";
				CLANG_CXX_LIBRARY = "libc++";
				CLANG_ENABLE_MODULES = YES;
				CLANG_ENABLE_OBJC_ARC = YES;
				CLANG_WARN_BOOL_CONVERSION = YES;
				CLANG_WARN_CONSTANT_CONVERSION = YES;
				CLANG_WARN_DIRECT_OBJC_ISA_USAGE = YES_ERROR;
				CLANG_WARN_DOCUMENTATION_COMMENTS = YES;
				CLANG_WARN_EMPTY_BODY = YES;
				CLANG_WARN_ENUM_CONVERSION = YES;
				CLANG_WARN_INFINITE_RECURSION = YES;
				CLANG_WARN_INT_CONVERSION = YES;
				CLANG_WARN_OBJC_ROOT_CLASS = YES_ERROR;
				CLANG_WARN_SUSPICIOUS_MOVE = YES;
				CLANG_WARN_UNREACHABLE_CODE = YES;
				CLANG_WARN__DUPLICATE_METHOD_MATCH = YES;
				CODE_SIGN_IDENTITY = "iPhone Developer";
				"CODE_SIGN_IDENTITY[sdk=iphoneos*]" = "iPhone Developer";
				COPY_PHASE_STRIP = NO;
				DEBUG_INFORMATION_FORMAT = "dwarf-with-dsym";
				ENABLE_NS_ASSERTIONS = NO;
				ENABLE_STRICT_OBJC_MSGSEND = YES;
				GCC_C_LANGUAGE_STANDARD = gnu99;
				GCC_NO_COMMON_BLOCKS = YES;
				GCC_WARN_64_TO_32_BIT_CONVERSION = YES;
				GCC_WARN_ABOUT_RETURN_TYPE = YES_ERROR;
				GCC_WARN_UNDECLARED_SELECTOR = YES;
				GCC_WARN_UNINITIALIZED_AUTOS = YES_AGGRESSIVE;
				GCC_WARN_UNUSED_FUNCTION = YES;
				GCC_WARN_UNUSED_VARIABLE = YES;
				IPHONEOS_DEPLOYMENT_TARGET = 10.0;
				MTL_ENABLE_DEBUG_INFO = NO;
				SDKROOT = iphoneos;
				SWIFT_OPTIMIZATION_LEVEL = "-Owholemodule";
				TARGETED_DEVICE_FAMILY = "1,2";
				VALIDATE_PRODUCT = YES;
			};
			name = Release;
		};
		C44D141D1D734B270011C939 /* Debug */ = {
			isa = XCBuildConfiguration;
			baseConfigurationReference = 75D0C9439C9B35A030FC5105 /* Pods-Daze.debug.xcconfig */;
			buildSettings = {
				ALWAYS_EMBED_SWIFT_STANDARD_LIBRARIES = YES;
				ASSETCATALOG_COMPILER_APPICON_NAME = AppIcon;
				CODE_SIGN_IDENTITY = "iPhone Developer";
				DEVELOPMENT_TEAM = 595GQGY9Q9;
				INFOPLIST_FILE = Daze/Info.plist;
				IPHONEOS_DEPLOYMENT_TARGET = 10.0;
				LD_RUNPATH_SEARCH_PATHS = "$(inherited) @executable_path/Frameworks";
				PRODUCT_BUNDLE_IDENTIFIER = com.cory.Daze;
				PRODUCT_NAME = "$(TARGET_NAME)";
				SWIFT_VERSION = 3.0;
				TARGETED_DEVICE_FAMILY = "1,2";
			};
			name = Debug;
		};
		C44D141E1D734B270011C939 /* Release */ = {
			isa = XCBuildConfiguration;
			baseConfigurationReference = 49E8A22A7BC226E2AEB68BC7 /* Pods-Daze.release.xcconfig */;
			buildSettings = {
				ALWAYS_EMBED_SWIFT_STANDARD_LIBRARIES = YES;
				ASSETCATALOG_COMPILER_APPICON_NAME = AppIcon;
				CODE_SIGN_IDENTITY = "iPhone Developer";
				DEVELOPMENT_TEAM = 595GQGY9Q9;
				INFOPLIST_FILE = Daze/Info.plist;
				IPHONEOS_DEPLOYMENT_TARGET = 10.0;
				LD_RUNPATH_SEARCH_PATHS = "$(inherited) @executable_path/Frameworks";
				PRODUCT_BUNDLE_IDENTIFIER = com.cory.Daze;
				PRODUCT_NAME = "$(TARGET_NAME)";
				SWIFT_VERSION = 3.0;
				TARGETED_DEVICE_FAMILY = "1,2";
			};
			name = Release;
		};
/* End XCBuildConfiguration section */

/* Begin XCConfigurationList section */
		C44D14021D734B270011C939 /* Build configuration list for PBXProject "Daze" */ = {
			isa = XCConfigurationList;
			buildConfigurations = (
				C44D141A1D734B270011C939 /* Debug */,
				C44D141B1D734B270011C939 /* Release */,
			);
			defaultConfigurationIsVisible = 0;
			defaultConfigurationName = Release;
		};
		C44D141C1D734B270011C939 /* Build configuration list for PBXNativeTarget "Daze" */ = {
			isa = XCConfigurationList;
			buildConfigurations = (
				C44D141D1D734B270011C939 /* Debug */,
				C44D141E1D734B270011C939 /* Release */,
			);
			defaultConfigurationIsVisible = 0;
			defaultConfigurationName = Release;
		};
/* End XCConfigurationList section */

/* Begin XCVersionGroup section */
		C44D14111D734B270011C939 /* Daze.xcdatamodeld */ = {
			isa = XCVersionGroup;
			children = (
				C44D14121D734B270011C939 /* Daze.xcdatamodel */,
			);
			currentVersion = C44D14121D734B270011C939 /* Daze.xcdatamodel */;
			path = Daze.xcdatamodeld;
			sourceTree = "<group>";
			versionGroupType = wrapper.xcdatamodel;
		};
/* End XCVersionGroup section */
	};
	rootObject = C44D13FF1D734B270011C939 /* Project object */;
}
