// !$*UTF8*$!
{
	archiveVersion = 1;
	classes = {
	};
	objectVersion = 46;
	objects = {

/* Begin PBXBuildFile section */
		C44D140B1D734B270011C939 /* AppDelegate.swift in Sources */ = {isa = PBXBuildFile; fileRef = C44D140A1D734B270011C939 /* AppDelegate.swift */; };
		C44D140D1D734B270011C939 /* ViewController.swift in Sources */ = {isa = PBXBuildFile; fileRef = C44D140C1D734B270011C939 /* ViewController.swift */; };
		C44D14101D734B270011C939 /* Main.storyboard in Resources */ = {isa = PBXBuildFile; fileRef = C44D140E1D734B270011C939 /* Main.storyboard */; };
		C44D14131D734B270011C939 /* Daze.xcdatamodeld in Sources */ = {isa = PBXBuildFile; fileRef = C44D14111D734B270011C939 /* Daze.xcdatamodeld */; };
		C44D14151D734B270011C939 /* Assets.xcassets in Resources */ = {isa = PBXBuildFile; fileRef = C44D14141D734B270011C939 /* Assets.xcassets */; };
		C44D14181D734B270011C939 /* LaunchScreen.storyboard in Resources */ = {isa = PBXBuildFile; fileRef = C44D14161D734B270011C939 /* LaunchScreen.storyboard */; };
/* End PBXBuildFile section */

/* Begin PBXFileReference section */
		C44D14071D734B270011C939 /* Daze.app */ = {isa = PBXFileReference; explicitFileType = wrapper.application; includeInIndex = 0; path = Daze.app; sourceTree = BUILT_PRODUCTS_DIR; };
		C44D140A1D734B270011C939 /* AppDelegate.swift */ = {isa = PBXFileReference; lastKnownFileType = sourcecode.swift; path = AppDelegate.swift; sourceTree = "<group>"; };
		C44D140C1D734B270011C939 /* ViewController.swift */ = {isa = PBXFileReference; lastKnownFileType = sourcecode.swift; path = ViewController.swift; sourceTree = "<group>"; };
		C44D140F1D734B270011C939 /* Base */ = {isa = PBXFileReference; lastKnownFileType = file.storyboard; name = Base; path = Base.lproj/Main.storyboard; sourceTree = "<group>"; };
		C44D14121D734B270011C939 /* Daze.xcdatamodel */ = {isa = PBXFileReference; lastKnownFileType = wrapper.xcdatamodel; path = Daze.xcdatamodel; sourceTree = "<group>"; };
		C44D14141D734B270011C939 /* Assets.xcassets */ = {isa = PBXFileReference; lastKnownFileType = folder.assetcatalog; path = Assets.xcassets; sourceTree = "<group>"; };
		C44D14171D734B270011C939 /* Base */ = {isa = PBXFileReference; lastKnownFileType = file.storyboard; name = Base; path = Base.lproj/LaunchScreen.storyboard; sourceTree = "<group>"; };
		C44D14191D734B270011C939 /* Info.plist */ = {isa = PBXFileReference; lastKnownFileType = text.plist.xml; path = Info.plist; sourceTree = "<group>"; };
/* End PBXFileReference section */

/* Begin PBXFrameworksBuildPhase section */
		C44D14041D734B270011C939 /* Frameworks */ = {
			isa = PBXFrameworksBuildPhase;
			buildActionMask = 2147483647;
			files = (
			);
			runOnlyForDeploymentPostprocessing = 0;
		};
/* End PBXFrameworksBuildPhase section */

/* Begin PBXGroup section */
		C44D13FE1D734B270011C939 = {
			isa = PBXGroup;
			children = (
				C44D14091D734B270011C939 /* Daze */,
				C44D14081D734B270011C939 /* Products */,
			);
			sourceTree = "<group>";
		};
		C44D14081D734B270011C939 /* Products */ = {
			isa = PBXGroup;
			children = (
				C44D14071D734B270011C939 /* Daze.app */,
			);
			name = Products;
			sourceTree = "<group>";
		};
		C44D14091D734B270011C939 /* Daze */ = {
			isa = PBXGroup;
			children = (
				C44D140A1D734B270011C939 /* AppDelegate.swift */,
				C44D140C1D734B270011C939 /* ViewController.swift */,
				C44D140E1D734B270011C939 /* Main.storyboard */,
				C44D14141D734B270011C939 /* Assets.xcassets */,
				C44D14161D734B270011C939 /* LaunchScreen.storyboard */,
				C44D14191D734B270011C939 /* Info.plist */,
				C44D14111D734B270011C939 /* Daze.xcdatamodeld */,
			);
			path = Daze;
			sourceTree = "<group>";
		};
/* End PBXGroup section */

/* Begin PBXNativeTarget section */
		C44D14061D734B270011C939 /* Daze */ = {
			isa = PBXNativeTarget;
			buildConfigurationList = C44D141C1D734B270011C939 /* Build configuration list for PBXNativeTarget "Daze" */;
			buildPhases = (
				C44D14031D734B270011C939 /* Sources */,
				C44D14041D734B270011C939 /* Frameworks */,
				C44D14051D734B270011C939 /* Resources */,
			);
			buildRules = (
			);
			dependencies = (
			);
			name = Daze;
			productName = Daze;
			productReference = C44D14071D734B270011C939 /* Daze.app */;
			productType = "com.apple.product-type.application";
		};
/* End PBXNativeTarget section */

/* Begin PBXProject section */
		C44D13FF1D734B270011C939 /* Project object */ = {
			isa = PBXProject;
			attributes = {
				LastSwiftUpdateCheck = 0800;
				LastUpgradeCheck = 0800;
				ORGANIZATIONNAME = Cory;
				TargetAttributes = {
					C44D14061D734B270011C939 = {
						CreatedOnToolsVersion = 8.0;
						DevelopmentTeam = 595GQGY9Q9;
						DevelopmentTeamName = "Cory Billeaud";
						ProvisioningStyle = Automatic;
					};
				};
			};
			buildConfigurationList = C44D14021D734B270011C939 /* Build configuration list for PBXProject "Daze" */;
			compatibilityVersion = "Xcode 3.2";
			developmentRegion = English;
			hasScannedForEncodings = 0;
			knownRegions = (
				en,
				Base,
			);
			mainGroup = C44D13FE1D734B270011C939;
			productRefGroup = C44D14081D734B270011C939 /* Products */;
			projectDirPath = "";
			projectRoot = "";
			targets = (
				C44D14061D734B270011C939 /* Daze */,
			);
		};
/* End PBXProject section */

/* Begin PBXResourcesBuildPhase section */
		C44D14051D734B270011C939 /* Resources */ = {
			isa = PBXResourcesBuildPhase;
			buildActionMask = 2147483647;
			files = (
				C44D14181D734B270011C939 /* LaunchScreen.storyboard in Resources */,
				C44D14151D734B270011C939 /* Assets.xcassets in Resources */,
				C44D14101D734B270011C939 /* Main.storyboard in Resources */,
			);
			runOnlyForDeploymentPostprocessing = 0;
		};
/* End PBXResourcesBuildPhase section */

/* Begin PBXSourcesBuildPhase section */
		C44D14031D734B270011C939 /* Sources */ = {
			isa = PBXSourcesBuildPhase;
			buildActionMask = 2147483647;
			files = (
				C44D140D1D734B270011C939 /* ViewController.swift in Sources */,
				C44D140B1D734B270011C939 /* AppDelegate.swift in Sources */,
				C44D14131D734B270011C939 /* Daze.xcdatamodeld in Sources */,
			);
			runOnlyForDeploymentPostprocessing = 0;
		};
/* End PBXSourcesBuildPhase section */

/* Begin PBXVariantGroup section */
		C44D140E1D734B270011C939 /* Main.storyboard */ = {
			isa = PBXVariantGroup;
			children = (
				C44D140F1D734B270011C939 /* Base */,
			);
			name = Main.storyboard;
			sourceTree = "<group>";
		};
		C44D14161D734B270011C939 /* LaunchScreen.storyboard */ = {
			isa = PBXVariantGroup;
			children = (
				C44D14171D734B270011C939 /* Base */,
			);
			name = LaunchScreen.storyboard;
			sourceTree = "<group>";
		};
/* End PBXVariantGroup section */

/* Begin XCBuildConfiguration section */
		C44D141A1D734B270011C939 /* Debug */ = {
			isa = XCBuildConfiguration;
			buildSettings = {
				ALWAYS_SEARCH_USER_PATHS = NO;
				CLANG_ANALYZER_NONNULL = YES;
				CLANG_CXX_LANGUAGE_STANDARD = "gnu++0x";
				CLANG_CXX_LIBRARY = "libc++";
				CLANG_ENABLE_MODULES = YES;
				CLANG_ENABLE_OBJC_ARC = YES;
				CLANG_WARN_BOOL_CONVERSION = YES;
				CLANG_WARN_CONSTANT_CONVERSION = YES;
				CLANG_WARN_DIRECT_OBJC_ISA_USAGE = YES_ERROR;
				CLANG_WARN_DOCUMENTATION_COMMENTS = YES;
				CLANG_WARN_EMPTY_BODY = YES;
				CLANG_WARN_ENUM_CONVERSION = YES;
				CLANG_WARN_INT_CONVERSION = YES;
				CLANG_WARN_OBJC_ROOT_CLASS = YES_ERROR;
				CLANG_WARN_UNREACHABLE_CODE = YES;
				CLANG_WARN__DUPLICATE_METHOD_MATCH = YES;
				"CODE_SIGN_IDENTITY[sdk=iphoneos*]" = "iPhone Developer";
				COPY_PHASE_STRIP = NO;
				DEBUG_INFORMATION_FORMAT = dwarf;
				ENABLE_STRICT_OBJC_MSGSEND = YES;
				ENABLE_TESTABILITY = YES;
				GCC_C_LANGUAGE_STANDARD = gnu99;
				GCC_DYNAMIC_NO_PIC = NO;
				GCC_NO_COMMON_BLOCKS = YES;
				GCC_OPTIMIZATION_LEVEL = 0;
				GCC_PREPROCESSOR_DEFINITIONS = (
					"DEBUG=1",
					"$(inherited)",
				);
				GCC_WARN_64_TO_32_BIT_CONVERSION = YES;
				GCC_WARN_ABOUT_RETURN_TYPE = YES_ERROR;
				GCC_WARN_UNDECLARED_SELECTOR = YES;
				GCC_WARN_UNINITIALIZED_AUTOS = YES_AGGRESSIVE;
				GCC_WARN_UNUSED_FUNCTION = YES;
				GCC_WARN_UNUSED_VARIABLE = YES;
				IPHONEOS_DEPLOYMENT_TARGET = 10.0;
				MTL_ENABLE_DEBUG_INFO = YES;
				ONLY_ACTIVE_ARCH = YES;
				SDKROOT = iphoneos;
				SWIFT_ACTIVE_COMPILATION_CONDITIONS = DEBUG;
				SWIFT_OPTIMIZATION_LEVEL = "-Onone";
				TARGETED_DEVICE_FAMILY = "1,2";
			};
			name = Debug;
		};
		C44D141B1D734B270011C939 /* Release */ = {
			isa = XCBuildConfiguration;
			buildSettings = {
				ALWAYS_SEARCH_USER_PATHS = NO;
				CLANG_ANALYZER_NONNULL = YES;
				CLANG_CXX_LANGUAGE_STANDARD = "gnu++0x";
				CLANG_CXX_LIBRARY = "libc++";
				CLANG_ENABLE_MODULES = YES;
				CLANG_ENABLE_OBJC_ARC = YES;
				CLANG_WARN_BOOL_CONVERSION = YES;
				CLANG_WARN_CONSTANT_CONVERSION = YES;
				CLANG_WARN_DIRECT_OBJC_ISA_USAGE = YES_ERROR;
				CLANG_WARN_DOCUMENTATION_COMMENTS = YES;
				CLANG_WARN_EMPTY_BODY = YES;
				CLANG_WARN_ENUM_CONVERSION = YES;
				CLANG_WARN_INT_CONVERSION = YES;
				CLANG_WARN_OBJC_ROOT_CLASS = YES_ERROR;
				CLANG_WARN_UNREACHABLE_CODE = YES;
				CLANG_WARN__DUPLICATE_METHOD_MATCH = YES;
				"CODE_SIGN_IDENTITY[sdk=iphoneos*]" = "iPhone Developer";
				COPY_PHASE_STRIP = NO;
				DEBUG_INFORMATION_FORMAT = "dwarf-with-dsym";
				ENABLE_NS_ASSERTIONS = NO;
				ENABLE_STRICT_OBJC_MSGSEND = YES;
				GCC_C_LANGUAGE_STANDARD = gnu99;
				GCC_NO_COMMON_BLOCKS = YES;
				GCC_WARN_64_TO_32_BIT_CONVERSION = YES;
				GCC_WARN_ABOUT_RETURN_TYPE = YES_ERROR;
				GCC_WARN_UNDECLARED_SELECTOR = YES;
				GCC_WARN_UNINITIALIZED_AUTOS = YES_AGGRESSIVE;
				GCC_WARN_UNUSED_FUNCTION = YES;
				GCC_WARN_UNUSED_VARIABLE = YES;
				IPHONEOS_DEPLOYMENT_TARGET = 10.0;
				MTL_ENABLE_DEBUG_INFO = NO;
				SDKROOT = iphoneos;
				SWIFT_OPTIMIZATION_LEVEL = "-Owholemodule";
				TARGETED_DEVICE_FAMILY = "1,2";
				VALIDATE_PRODUCT = YES;
			};
			name = Release;
		};
		C44D141D1D734B270011C939 /* Debug */ = {
			isa = XCBuildConfiguration;
			buildSettings = {
				ASSETCATALOG_COMPILER_APPICON_NAME = AppIcon;
				INFOPLIST_FILE = Daze/Info.plist;
				LD_RUNPATH_SEARCH_PATHS = "$(inherited) @executable_path/Frameworks";
				PRODUCT_BUNDLE_IDENTIFIER = com.cory.Daze;
				PRODUCT_NAME = "$(TARGET_NAME)";
				SWIFT_VERSION = 3.0;
			};
			name = Debug;
		};
		C44D141E1D734B270011C939 /* Release */ = {
			isa = XCBuildConfiguration;
			buildSettings = {
				ASSETCATALOG_COMPILER_APPICON_NAME = AppIcon;
				INFOPLIST_FILE = Daze/Info.plist;
				LD_RUNPATH_SEARCH_PATHS = "$(inherited) @executable_path/Frameworks";
				PRODUCT_BUNDLE_IDENTIFIER = com.cory.Daze;
				PRODUCT_NAME = "$(TARGET_NAME)";
				SWIFT_VERSION = 3.0;
			};
			name = Release;
		};
/* End XCBuildConfiguration section */

/* Begin XCConfigurationList section */
		C44D14021D734B270011C939 /* Build configuration list for PBXProject "Daze" */ = {
			isa = XCConfigurationList;
			buildConfigurations = (
				C44D141A1D734B270011C939 /* Debug */,
				C44D141B1D734B270011C939 /* Release */,
			);
			defaultConfigurationIsVisible = 0;
			defaultConfigurationName = Release;
		};
		C44D141C1D734B270011C939 /* Build configuration list for PBXNativeTarget "Daze" */ = {
			isa = XCConfigurationList;
			buildConfigurations = (
				C44D141D1D734B270011C939 /* Debug */,
				C44D141E1D734B270011C939 /* Release */,
			);
			defaultConfigurationIsVisible = 0;
		};
/* End XCConfigurationList section */

/* Begin XCVersionGroup section */
		C44D14111D734B270011C939 /* Daze.xcdatamodeld */ = {
			isa = XCVersionGroup;
			children = (
				C44D14121D734B270011C939 /* Daze.xcdatamodel */,
			);
			currentVersion = C44D14121D734B270011C939 /* Daze.xcdatamodel */;
			path = Daze.xcdatamodeld;
			sourceTree = "<group>";
			versionGroupType = wrapper.xcdatamodel;
		};
/* End XCVersionGroup section */
	};
	rootObject = C44D13FF1D734B270011C939 /* Project object */;
}
